
Microsoft Visual Studio Solution File, Format Version 12.00
# Visual Studio 15
VisualStudioVersion = 15.0.27703.2026
MinimumVisualStudioVersion = 10.0.40219.1
Project("{9A19103F-16F7-4668-BE54-9A1E7A4F7556}") = "WebWinClient", "WebWinClient\WebWinClient.csproj", "{4154116B-15A1-4370-BE98-69C810A4C36F}"
EndProject
Project("{FAE04EC0-301F-11D3-BF4B-00C04F79EFBC}") = "DEMO_LIB_NET_47", "DEMO_LIB_NET_47\DEMO_LIB_NET_47.csproj", "{90AD9E63-4EB4-4FE8-87BB-2577FEFF3163}"
EndProject
Global
	GlobalSection(SolutionConfigurationPlatforms) = preSolution
		Debug|Any CPU = Debug|Any CPU
		Release|Any CPU = Release|Any CPU
	EndGlobalSection
	GlobalSection(ProjectConfigurationPlatforms) = postSolution
		{4154116B-15A1-4370-BE98-69C810A4C36F}.Debug|Any CPU.ActiveCfg = Debug|Any CPU
		{4154116B-15A1-4370-BE98-69C810A4C36F}.Debug|Any CPU.Build.0 = Debug|Any CPU
		{4154116B-15A1-4370-BE98-69C810A4C36F}.Release|Any CPU.ActiveCfg = Release|Any CPU
		{4154116B-15A1-4370-BE98-69C810A4C36F}.Release|Any CPU.Build.0 = Release|Any CPU
		{90AD9E63-4EB4-4FE8-87BB-2577FEFF3163}.Debug|Any CPU.ActiveCfg = Debug|Any CPU
		{90AD9E63-4EB4-4FE8-87BB-2577FEFF3163}.Debug|Any CPU.Build.0 = Debug|Any CPU
		{90AD9E63-4EB4-4FE8-87BB-2577FEFF3163}.Release|Any CPU.ActiveCfg = Release|Any CPU
		{90AD9E63-4EB4-4FE8-87BB-2577FEFF3163}.Release|Any CPU.Build.0 = Release|Any CPU
	EndGlobalSection
	GlobalSection(SolutionProperties) = preSolution
		HideSolutionNode = FALSE
	EndGlobalSection
	GlobalSection(ExtensibilityGlobals) = postSolution
		SolutionGuid = {5D7C4F7F-6143-4733-885E-6F09CC2FEB2F}
	EndGlobalSection
EndGlobal
